
Microsoft Visual Studio Solution File, Format Version 12.00
# Visual Studio Version 17
VisualStudioVersion = 17.14.36401.2
MinimumVisualStudioVersion = 10.0.40219.1
Project("{2150E333-8FDC-42A3-9474-1A3956D46DE8}") = "src", "src", "{02EA681E-C7D8-13C7-8484-4AC65E1B71E8}"
EndProject
Project("{2150E333-8FDC-42A3-9474-1A3956D46DE8}") = "Tests", "Tests", "{0BA0C06D-1D96-4BDC-818C-86367771D0E5}"
EndProject
Project("{2150E333-8FDC-42A3-9474-1A3956D46DE8}") = "Api", "Api", "{58CE3F95-D503-4EAE-A45C-FE536F48E8BD}"
EndProject
Project("{2150E333-8FDC-42A3-9474-1A3956D46DE8}") = "Core", "Core", "{844CE0DB-0105-4304-9451-EF2B29C28829}"
EndProject
Project("{2150E333-8FDC-42A3-9474-1A3956D46DE8}") = "Infrastructure", "Infrastructure", "{E736425B-D8CC-4D54-B587-4FE92CB6F10B}"
EndProject
Project("{2150E333-8FDC-42A3-9474-1A3956D46DE8}") = "Solution Items", "Solution Items", "{8EC462FD-D22E-90A8-E5CE-7E832BA40C5D}"
	ProjectSection(SolutionItems) = preProject
		.gitignore = .gitignore
	EndProjectSection
EndProject
Project("{FAE04EC0-301F-11D3-BF4B-00C04F79EFBC}") = "HR.LeaveManagement.Domain", "HR.LeaveManagement.Domain\HR.LeaveManagement.Domain.csproj", "{B63536CE-CD2C-485E-A5D9-53959613351C}"
EndProject
Project("{FAE04EC0-301F-11D3-BF4B-00C04F79EFBC}") = "HR.LeaveManagement.Application", "HR.LeaveManagement.Application\HR.LeaveManagement.Application.csproj", "{E806A9DD-C218-42F0-97C1-09DEBDBD9479}"
EndProject
Project("{FAE04EC0-301F-11D3-BF4B-00C04F79EFBC}") = "HR.LeaveManagement.Persistence", "HR.LeaveManagement.Persistence\HR.LeaveManagement.Persistence.csproj", "{3EB78C5B-EF51-4569-9A17-0A07C1C39DA9}"
EndProject
Project("{FAE04EC0-301F-11D3-BF4B-00C04F79EFBC}") = "HR.LeaveManagement.Infrastructure", "HR.LeaveManagement.Infrastructure\HR.LeaveManagement.Infrastructure.csproj", "{51EE0893-AC0B-4701-BDA3-C43E1FCB8D02}"
EndProject
Project("{FAE04EC0-301F-11D3-BF4B-00C04F79EFBC}") = "HR.LeaveManagement.API", "HR.LeaveManagement.API\HR.LeaveManagement.API.csproj", "{BA0BB113-8A0D-403A-A402-A3310E62406E}"
EndProject
Global
	GlobalSection(SolutionConfigurationPlatforms) = preSolution
		Debug|Any CPU = Debug|Any CPU
		Release|Any CPU = Release|Any CPU
	EndGlobalSection
	GlobalSection(ProjectConfigurationPlatforms) = postSolution
		{B63536CE-CD2C-485E-A5D9-53959613351C}.Debug|Any CPU.ActiveCfg = Debug|Any CPU
		{B63536CE-CD2C-485E-A5D9-53959613351C}.Debug|Any CPU.Build.0 = Debug|Any CPU
		{B63536CE-CD2C-485E-A5D9-53959613351C}.Release|Any CPU.ActiveCfg = Release|Any CPU
		{B63536CE-CD2C-485E-A5D9-53959613351C}.Release|Any CPU.Build.0 = Release|Any CPU
		{E806A9DD-C218-42F0-97C1-09DEBDBD9479}.Debug|Any CPU.ActiveCfg = Debug|Any CPU
		{E806A9DD-C218-42F0-97C1-09DEBDBD9479}.Debug|Any CPU.Build.0 = Debug|Any CPU
		{E806A9DD-C218-42F0-97C1-09DEBDBD9479}.Release|Any CPU.ActiveCfg = Release|Any CPU
		{E806A9DD-C218-42F0-97C1-09DEBDBD9479}.Release|Any CPU.Build.0 = Release|Any CPU
		{3EB78C5B-EF51-4569-9A17-0A07C1C39DA9}.Debug|Any CPU.ActiveCfg = Debug|Any CPU
		{3EB78C5B-EF51-4569-9A17-0A07C1C39DA9}.Debug|Any CPU.Build.0 = Debug|Any CPU
		{3EB78C5B-EF51-4569-9A17-0A07C1C39DA9}.Release|Any CPU.ActiveCfg = Release|Any CPU
		{3EB78C5B-EF51-4569-9A17-0A07C1C39DA9}.Release|Any CPU.Build.0 = Release|Any CPU
		{51EE0893-AC0B-4701-BDA3-C43E1FCB8D02}.Debug|Any CPU.ActiveCfg = Debug|Any CPU
		{51EE0893-AC0B-4701-BDA3-C43E1FCB8D02}.Debug|Any CPU.Build.0 = Debug|Any CPU
		{51EE0893-AC0B-4701-BDA3-C43E1FCB8D02}.Release|Any CPU.ActiveCfg = Release|Any CPU
		{51EE0893-AC0B-4701-BDA3-C43E1FCB8D02}.Release|Any CPU.Build.0 = Release|Any CPU
		{BA0BB113-8A0D-403A-A402-A3310E62406E}.Debug|Any CPU.ActiveCfg = Debug|Any CPU
		{BA0BB113-8A0D-403A-A402-A3310E62406E}.Debug|Any CPU.Build.0 = Debug|Any CPU
		{BA0BB113-8A0D-403A-A402-A3310E62406E}.Release|Any CPU.ActiveCfg = Release|Any CPU
		{BA0BB113-8A0D-403A-A402-A3310E62406E}.Release|Any CPU.Build.0 = Release|Any CPU
	EndGlobalSection
	GlobalSection(SolutionProperties) = preSolution
		HideSolutionNode = FALSE
	EndGlobalSection
	GlobalSection(NestedProjects) = preSolution
		{58CE3F95-D503-4EAE-A45C-FE536F48E8BD} = {02EA681E-C7D8-13C7-8484-4AC65E1B71E8}
		{844CE0DB-0105-4304-9451-EF2B29C28829} = {02EA681E-C7D8-13C7-8484-4AC65E1B71E8}
		{E736425B-D8CC-4D54-B587-4FE92CB6F10B} = {02EA681E-C7D8-13C7-8484-4AC65E1B71E8}
		{B63536CE-CD2C-485E-A5D9-53959613351C} = {844CE0DB-0105-4304-9451-EF2B29C28829}
		{E806A9DD-C218-42F0-97C1-09DEBDBD9479} = {844CE0DB-0105-4304-9451-EF2B29C28829}
		{3EB78C5B-EF51-4569-9A17-0A07C1C39DA9} = {E736425B-D8CC-4D54-B587-4FE92CB6F10B}
		{51EE0893-AC0B-4701-BDA3-C43E1FCB8D02} = {E736425B-D8CC-4D54-B587-4FE92CB6F10B}
		{BA0BB113-8A0D-403A-A402-A3310E62406E} = {58CE3F95-D503-4EAE-A45C-FE536F48E8BD}
	EndGlobalSection
	GlobalSection(ExtensibilityGlobals) = postSolution
		SolutionGuid = {F405322C-3241-4D53-B361-5666E913A32A}
	EndGlobalSection
EndGlobal
